// !$*UTF8*$!
{
	archiveVersion = 1;
	classes = {
	};
	objectVersion = 54;
	objects = {

/* Begin PBXBuildFile section */
		00E356F31AD99517003FC87E /* watoTests.m in Sources */ = {isa = PBXBuildFile; fileRef = 00E356F21AD99517003FC87E /* watoTests.m */; };
		0C80B921A6F3F58F76C31292 /* libPods-wato.a in Frameworks */ = {isa = PBXBuildFile; fileRef = 5DCACB8F33CDC322A6C60F78 /* libPods-wato.a */; };
		13B07FBC1A68108700A75B9A /* AppDelegate.mm in Sources */ = {isa = PBXBuildFile; fileRef = 13B07FB01A68108700A75B9A /* AppDelegate.mm */; };
		13B07FBF1A68108700A75B9A /* Images.xcassets in Resources */ = {isa = PBXBuildFile; fileRef = 13B07FB51A68108700A75B9A /* Images.xcassets */; };
		13B07FC11A68108700A75B9A /* main.m in Sources */ = {isa = PBXBuildFile; fileRef = 13B07FB71A68108700A75B9A /* main.m */; };
		7699B88040F8A987B510C191 /* libPods-wato-watoTests.a in Frameworks */ = {isa = PBXBuildFile; fileRef = 19F6CBCC0A4E27FBF8BF4A61 /* libPods-wato-watoTests.a */; };
		81AB9BB82411601600AC10FF /* LaunchScreen.storyboard in Resources */ = {isa = PBXBuildFile; fileRef = 81AB9BB72411601600AC10FF /* LaunchScreen.storyboard */; };
		1471DB21D6434B4D82DCBB3B /* GT-Super-Display-Bold-Italic-Trial.otf in Resources */ = {isa = PBXBuildFile; fileRef = F2A82306C4BD4594A1AF82E9 /* GT-Super-Display-Bold-Italic-Trial.otf */; };
		A1AD82BD886D4940917BD18F /* GT-Super-Display-Bold-Trial.otf in Resources */ = {isa = PBXBuildFile; fileRef = B55CD2F9F2564282B8A2E9D5 /* GT-Super-Display-Bold-Trial.otf */; };
		EF3D5381B778490D94CC1F12 /* GT-Super-Display-Light-Italic-Trial.otf in Resources */ = {isa = PBXBuildFile; fileRef = C646761BEF634C05B6143A16 /* GT-Super-Display-Light-Italic-Trial.otf */; };
		E6CD506B669944E8A11ECFF3 /* GT-Super-Display-Light-Trial.otf in Resources */ = {isa = PBXBuildFile; fileRef = 506D0267FBC943FC8B67A52A /* GT-Super-Display-Light-Trial.otf */; };
		0110EE5C026940158984285E /* GT-Super-Display-Medium-Italic-Trial.otf in Resources */ = {isa = PBXBuildFile; fileRef = 7D6FE96D73AC4DD38590434F /* GT-Super-Display-Medium-Italic-Trial.otf */; };
		DDB872C22D0A45BDA27EF9EF /* GT-Super-Display-Medium-Trial.otf in Resources */ = {isa = PBXBuildFile; fileRef = 1A6DB12513CC47059A302C04 /* GT-Super-Display-Medium-Trial.otf */; };
		1DD0DAF4B085472A81224DD6 /* GT-Super-Display-Regular-Italic-Trial.otf in Resources */ = {isa = PBXBuildFile; fileRef = 133242812ECA41FF93535FB5 /* GT-Super-Display-Regular-Italic-Trial.otf */; };
		319BDBF6F0044EEA95C39BFB /* GT-Super-Display-Regular-Trial.otf in Resources */ = {isa = PBXBuildFile; fileRef = FF7DF73A8AC5403EB6669B2A /* GT-Super-Display-Regular-Trial.otf */; };
		F3D55CD52053479A847EDB63 /* GT-Super-Display-Super-Italic-Trial.otf in Resources */ = {isa = PBXBuildFile; fileRef = 8A5DB8EBD7884243A478F005 /* GT-Super-Display-Super-Italic-Trial.otf */; };
		A97F85EE59EC46478543C102 /* GT-Super-Display-Super-Trial.otf in Resources */ = {isa = PBXBuildFile; fileRef = 2FD25F882E1B4862B19D985B /* GT-Super-Display-Super-Trial.otf */; };
		BFEBBAA510A244CE91465718 /* GT-Super-Text-Black-Italic-Trial.otf in Resources */ = {isa = PBXBuildFile; fileRef = 6CF63AF9D33B47208120754D /* GT-Super-Text-Black-Italic-Trial.otf */; };
		C3034AB1C14F418781233A8C /* GT-Super-Text-Black-Trial.otf in Resources */ = {isa = PBXBuildFile; fileRef = 66A041484FC0430E9603C38F /* GT-Super-Text-Black-Trial.otf */; };
		FC961702471E4CF9BC685D6A /* GT-Super-Text-Bold-Italic-Trial.otf in Resources */ = {isa = PBXBuildFile; fileRef = DCCB37E8B36E4ED2968A2CB1 /* GT-Super-Text-Bold-Italic-Trial.otf */; };
		5762DF51F8C543CCB7563EF9 /* GT-Super-Text-Bold-Trial.otf in Resources */ = {isa = PBXBuildFile; fileRef = AA42D393CA5A4C42A5072F96 /* GT-Super-Text-Bold-Trial.otf */; };
		41A5E897E3FD4171A04828D3 /* GT-Super-Text-Book-Italic-Trial.otf in Resources */ = {isa = PBXBuildFile; fileRef = 81E2D73B0CBA477EAF4270BC /* GT-Super-Text-Book-Italic-Trial.otf */; };
		AE7D186CDAD34128A69A5BB1 /* GT-Super-Text-Book-Trial.otf in Resources */ = {isa = PBXBuildFile; fileRef = 3EA6A34A8DC44E4583EDD232 /* GT-Super-Text-Book-Trial.otf */; };
		E8A9300C23DF4BB28A5D318A /* GT-Super-Text-Medium-Italic-Trial.otf in Resources */ = {isa = PBXBuildFile; fileRef = E3BF5ED056BF49EBABC7336A /* GT-Super-Text-Medium-Italic-Trial.otf */; };
		038782B940E543BE944E2FE2 /* GT-Super-Text-Medium-Trial.otf in Resources */ = {isa = PBXBuildFile; fileRef = 372F11D0D7F94B2D9A5F97AB /* GT-Super-Text-Medium-Trial.otf */; };
		99C4B98BA7FF473DAC5D70D8 /* GT-Super-Text-Regular-Italic-Trial.otf in Resources */ = {isa = PBXBuildFile; fileRef = 3BC384FA892B40EB9B7C86A8 /* GT-Super-Text-Regular-Italic-Trial.otf */; };
		7EFAA00EAB974FBC93B04118 /* GT-Super-Text-Regular-Trial.otf in Resources */ = {isa = PBXBuildFile; fileRef = EE6301807E83437AB8BFDBE7 /* GT-Super-Text-Regular-Trial.otf */; };
		D77E393A938841D0AD4CB8F1 /* Inter-Black.ttf in Resources */ = {isa = PBXBuildFile; fileRef = B452FC79A5F14C9BA9197894 /* Inter-Black.ttf */; };
		90037F40D3AF4365BF93600A /* Inter-Bold.ttf in Resources */ = {isa = PBXBuildFile; fileRef = 71C99F4C30334C95B709A732 /* Inter-Bold.ttf */; };
		1F139590C1F44A29AEFF4A3C /* Inter-ExtraBold.ttf in Resources */ = {isa = PBXBuildFile; fileRef = 3DE49ED6BD2A4837A1880498 /* Inter-ExtraBold.ttf */; };
		462F167E35764EE4B27CA38E /* Inter-ExtraLight.ttf in Resources */ = {isa = PBXBuildFile; fileRef = 2263CC9BAF734DE685E6813F /* Inter-ExtraLight.ttf */; };
		4A2D5DDD82FA4511931C8C63 /* Inter-Light.ttf in Resources */ = {isa = PBXBuildFile; fileRef = 7FF27E609CFF4477BA370574 /* Inter-Light.ttf */; };
		6D4F303E54404F42B1B7015E /* Inter-Medium.ttf in Resources */ = {isa = PBXBuildFile; fileRef = 2C22D9340CD94971B9567C70 /* Inter-Medium.ttf */; };
		63E856698E5F467296F6D6E6 /* Inter-Regular.ttf in Resources */ = {isa = PBXBuildFile; fileRef = 4772FD48F79A46EEBC9E5F18 /* Inter-Regular.ttf */; };
		9B72A556E28E46C88F60F747 /* Inter-SemiBold.ttf in Resources */ = {isa = PBXBuildFile; fileRef = 13B7AF9FB11241FA9EE1A210 /* Inter-SemiBold.ttf */; };
		1389D9E358D34712A574E115 /* Inter-Thin.ttf in Resources */ = {isa = PBXBuildFile; fileRef = 7E89716EF54842DFBFF2961D /* Inter-Thin.ttf */; };
		9A0E98CA843A4CD68C15755F /* OpenSans-Bold.ttf in Resources */ = {isa = PBXBuildFile; fileRef = 5FA057D74F7A4FD68C95E06B /* OpenSans-Bold.ttf */; };
		2DCD2C123C1C4926BBAEF425 /* OpenSans-BoldItalic.ttf in Resources */ = {isa = PBXBuildFile; fileRef = F0FA2B88226B4C5393BDEA2F /* OpenSans-BoldItalic.ttf */; };
		162A1D3DF3424FFA8174B1C9 /* OpenSans-ExtraBold.ttf in Resources */ = {isa = PBXBuildFile; fileRef = 5C067EC754F94B27BFF2B255 /* OpenSans-ExtraBold.ttf */; };
		AC5C6D54DC454ACEBEC46D97 /* OpenSans-ExtraBoldItalic.ttf in Resources */ = {isa = PBXBuildFile; fileRef = B4C0DECAB2B642488322427E /* OpenSans-ExtraBoldItalic.ttf */; };
		A0BABCA6A9604690804ED7C9 /* OpenSans-Italic.ttf in Resources */ = {isa = PBXBuildFile; fileRef = 8BF782741ED1420BBE720CE5 /* OpenSans-Italic.ttf */; };
		DAEBE3CDD8E14814B2176B5E /* OpenSans-Light.ttf in Resources */ = {isa = PBXBuildFile; fileRef = A5A62D383A394951BE974867 /* OpenSans-Light.ttf */; };
		D98F6E5C874A466683072B83 /* OpenSans-LightItalic.ttf in Resources */ = {isa = PBXBuildFile; fileRef = 43EC084FFA0D4FA694D90783 /* OpenSans-LightItalic.ttf */; };
		ACB0A64FA9154D6F87A3DE4B /* OpenSans-Medium.ttf in Resources */ = {isa = PBXBuildFile; fileRef = 6EF8156C079F48D4BAE2D959 /* OpenSans-Medium.ttf */; };
		2A70FD6E842A41348733FCD6 /* OpenSans-MediumItalic.ttf in Resources */ = {isa = PBXBuildFile; fileRef = B556A01ADAB44FFC8BB742F4 /* OpenSans-MediumItalic.ttf */; };
		96753364CE6F4652A5DB6E8C /* OpenSans-Regular.ttf in Resources */ = {isa = PBXBuildFile; fileRef = C857A19672CF4CAC8DD7A732 /* OpenSans-Regular.ttf */; };
		9C24AF5F606F4A93B68AD8CC /* OpenSans-SemiBold.ttf in Resources */ = {isa = PBXBuildFile; fileRef = 675E7B5BB84D4E2EAB1D0607 /* OpenSans-SemiBold.ttf */; };
		235B026FDEE647DE871BCC9A /* OpenSans-SemiBoldItalic.ttf in Resources */ = {isa = PBXBuildFile; fileRef = D51B7210657C440EA0EA7A19 /* OpenSans-SemiBoldItalic.ttf */; };
		D68726917EE544E890F57B76 /* OpenSans_Condensed-Bold.ttf in Resources */ = {isa = PBXBuildFile; fileRef = A4B3975134AB44A5951CA053 /* OpenSans_Condensed-Bold.ttf */; };
		826AA6B56B504157ACBFEBB7 /* OpenSans_Condensed-BoldItalic.ttf in Resources */ = {isa = PBXBuildFile; fileRef = E2AB4B1C8EBA4D9B9F02F789 /* OpenSans_Condensed-BoldItalic.ttf */; };
		DE65A29DE3D3457E8B2B44C7 /* OpenSans_Condensed-ExtraBold.ttf in Resources */ = {isa = PBXBuildFile; fileRef = 28BDE21BC0844FC8A1A35D7B /* OpenSans_Condensed-ExtraBold.ttf */; };
		35A1D8C0816C4154A0512B96 /* OpenSans_Condensed-ExtraBoldItalic.ttf in Resources */ = {isa = PBXBuildFile; fileRef = F2771251D0E64DD28CFEF4B4 /* OpenSans_Condensed-ExtraBoldItalic.ttf */; };
		69EA69C3BF254004B74B52CA /* OpenSans_Condensed-Italic.ttf in Resources */ = {isa = PBXBuildFile; fileRef = 1ECF8543C54C46C4A75CDE02 /* OpenSans_Condensed-Italic.ttf */; };
		129D55FEC2FC47D9B5C9D7E2 /* OpenSans_Condensed-Light.ttf in Resources */ = {isa = PBXBuildFile; fileRef = C9E98F6BEA0C42D2A74D556D /* OpenSans_Condensed-Light.ttf */; };
		D84E2AE8CE2A4CAA91AE273C /* OpenSans_Condensed-LightItalic.ttf in Resources */ = {isa = PBXBuildFile; fileRef = 8252B8A3D4974669B29A41ED /* OpenSans_Condensed-LightItalic.ttf */; };
		79008763EC3D4C6D9B8C328E /* OpenSans_Condensed-Medium.ttf in Resources */ = {isa = PBXBuildFile; fileRef = BCD5206ED32141B3ADDBAE92 /* OpenSans_Condensed-Medium.ttf */; };
		38500987CF394989A4BF2153 /* OpenSans_Condensed-MediumItalic.ttf in Resources */ = {isa = PBXBuildFile; fileRef = 3AB174EC2DDC4384818B8596 /* OpenSans_Condensed-MediumItalic.ttf */; };
		FAD83E3E10A04A2992199133 /* OpenSans_Condensed-Regular.ttf in Resources */ = {isa = PBXBuildFile; fileRef = 12D5D42FB1274DF4AACB0D83 /* OpenSans_Condensed-Regular.ttf */; };
		A7DC8C6D1FE34CB0B2642ACF /* OpenSans_Condensed-SemiBold.ttf in Resources */ = {isa = PBXBuildFile; fileRef = 2E3CB5A1A5B445BF822F9EBA /* OpenSans_Condensed-SemiBold.ttf */; };
		CB09250003C645D981016817 /* OpenSans_Condensed-SemiBoldItalic.ttf in Resources */ = {isa = PBXBuildFile; fileRef = DA1F682283F54A7780856705 /* OpenSans_Condensed-SemiBoldItalic.ttf */; };
		B321B13604664E69904FBC9B /* OpenSans_SemiCondensed-Bold.ttf in Resources */ = {isa = PBXBuildFile; fileRef = B8A176BA193745E6A140F89D /* OpenSans_SemiCondensed-Bold.ttf */; };
		3D73AA7C9215458B982028F9 /* OpenSans_SemiCondensed-BoldItalic.ttf in Resources */ = {isa = PBXBuildFile; fileRef = 70EC9351567D424BAE93B63D /* OpenSans_SemiCondensed-BoldItalic.ttf */; };
		6708BF8F12D74539960AB969 /* OpenSans_SemiCondensed-ExtraBold.ttf in Resources */ = {isa = PBXBuildFile; fileRef = 39052126A4754D97B48B80AE /* OpenSans_SemiCondensed-ExtraBold.ttf */; };
		3890A47B9BD2434A82150497 /* OpenSans_SemiCondensed-ExtraBoldItalic.ttf in Resources */ = {isa = PBXBuildFile; fileRef = ADA049E48B5A4794A0A5FE3A /* OpenSans_SemiCondensed-ExtraBoldItalic.ttf */; };
		0667103FF308421B9D7B2424 /* OpenSans_SemiCondensed-Italic.ttf in Resources */ = {isa = PBXBuildFile; fileRef = C4E3BFF712964120B29F180D /* OpenSans_SemiCondensed-Italic.ttf */; };
		9C5109EB8BD0439E8885205F /* OpenSans_SemiCondensed-Light.ttf in Resources */ = {isa = PBXBuildFile; fileRef = 710FF78CD6E844CCAEFBD5F5 /* OpenSans_SemiCondensed-Light.ttf */; };
		194A45EFCB014DB9B0A30BBA /* OpenSans_SemiCondensed-LightItalic.ttf in Resources */ = {isa = PBXBuildFile; fileRef = B773AD55EB594C42AFF1E9D2 /* OpenSans_SemiCondensed-LightItalic.ttf */; };
		DFDC77B65748491FB7CA7744 /* OpenSans_SemiCondensed-Medium.ttf in Resources */ = {isa = PBXBuildFile; fileRef = 9EBCC687E9E14088A6CF83CF /* OpenSans_SemiCondensed-Medium.ttf */; };
		E06636FC3341436B9837BDD1 /* OpenSans_SemiCondensed-MediumItalic.ttf in Resources */ = {isa = PBXBuildFile; fileRef = 9F1233B38CC0418DA6855D9E /* OpenSans_SemiCondensed-MediumItalic.ttf */; };
		125E3759D4E942E28988A3DC /* OpenSans_SemiCondensed-Regular.ttf in Resources */ = {isa = PBXBuildFile; fileRef = DCE547835D2142CA94A1F2A0 /* OpenSans_SemiCondensed-Regular.ttf */; };
		D61074736E604B99B772EA57 /* OpenSans_SemiCondensed-SemiBold.ttf in Resources */ = {isa = PBXBuildFile; fileRef = 593A152DC8EF410DBB932BC8 /* OpenSans_SemiCondensed-SemiBold.ttf */; };
		CB2157AB9ABE407885DC0470 /* OpenSans_SemiCondensed-SemiBoldItalic.ttf in Resources */ = {isa = PBXBuildFile; fileRef = 272CF813EFB0409591214AD4 /* OpenSans_SemiCondensed-SemiBoldItalic.ttf */; };
		2E38D6DDABF649D9B5103EFC /* GTSuperBold.otf in Resources */ = {isa = PBXBuildFile; fileRef = 272DDF9EFF4944409849FA56 /* GTSuperBold.otf */; };
		0C58C4542EAB4E6E992A30A0 /* GTSuperRegular.otf in Resources */ = {isa = PBXBuildFile; fileRef = E37A6EF3F21749C38886671C /* GTSuperRegular.otf */; };
		7B871AF394C74516AC585FF3 /* SansBook.otf in Resources */ = {isa = PBXBuildFile; fileRef = A8293B798E614EEE8E6E428B /* SansBook.otf */; };
		4A8EEF8052EB4872AA8767D9 /* SansLight.otf in Resources */ = {isa = PBXBuildFile; fileRef = 04C534C8240A4E8B826EDDB7 /* SansLight.otf */; };
		D3C2CF170FD6401D9C64428E /* SequelSansBoldDisp.otf in Resources */ = {isa = PBXBuildFile; fileRef = B914231E3BC8405289454005 /* SequelSansBoldDisp.otf */; };
		7CD4EEEB9BD6415DAE8D0949 /* SequelSansMediumDisp.otf in Resources */ = {isa = PBXBuildFile; fileRef = DD3B9350F13F4362ADD6BD9E /* SequelSansMediumDisp.otf */; };
		AAAA6C9494E04E6F965D4551 /* SequelSansBoldDisp.ttf in Resources */ = {isa = PBXBuildFile; fileRef = A12BE9045D3A4291954969DB /* SequelSansBoldDisp.ttf */; };
/* End PBXBuildFile section */

/* Begin PBXContainerItemProxy section */
		00E356F41AD99517003FC87E /* PBXContainerItemProxy */ = {
			isa = PBXContainerItemProxy;
			containerPortal = 83CBB9F71A601CBA00E9B192 /* Project object */;
			proxyType = 1;
			remoteGlobalIDString = 13B07F861A680F5B00A75B9A;
			remoteInfo = wato;
		};
/* End PBXContainerItemProxy section */

/* Begin PBXFileReference section */
		00E356EE1AD99517003FC87E /* watoTests.xctest */ = {isa = PBXFileReference; explicitFileType = wrapper.cfbundle; includeInIndex = 0; path = watoTests.xctest; sourceTree = BUILT_PRODUCTS_DIR; };
		00E356F11AD99517003FC87E /* Info.plist */ = {isa = PBXFileReference; lastKnownFileType = text.plist.xml; path = Info.plist; sourceTree = "<group>"; };
		00E356F21AD99517003FC87E /* watoTests.m */ = {isa = PBXFileReference; lastKnownFileType = sourcecode.c.objc; path = watoTests.m; sourceTree = "<group>"; };
		13B07F961A680F5B00A75B9A /* wato.app */ = {isa = PBXFileReference; explicitFileType = wrapper.application; includeInIndex = 0; path = wato.app; sourceTree = BUILT_PRODUCTS_DIR; };
		13B07FAF1A68108700A75B9A /* AppDelegate.h */ = {isa = PBXFileReference; fileEncoding = 4; lastKnownFileType = sourcecode.c.h; name = AppDelegate.h; path = wato/AppDelegate.h; sourceTree = "<group>"; };
		13B07FB01A68108700A75B9A /* AppDelegate.mm */ = {isa = PBXFileReference; fileEncoding = 4; lastKnownFileType = sourcecode.cpp.objcpp; name = AppDelegate.mm; path = wato/AppDelegate.mm; sourceTree = "<group>"; };
		13B07FB51A68108700A75B9A /* Images.xcassets */ = {isa = PBXFileReference; lastKnownFileType = folder.assetcatalog; name = Images.xcassets; path = wato/Images.xcassets; sourceTree = "<group>"; };
		13B07FB61A68108700A75B9A /* Info.plist */ = {isa = PBXFileReference; fileEncoding = 4; lastKnownFileType = text.plist.xml; name = Info.plist; path = wato/Info.plist; sourceTree = "<group>"; };
		13B07FB71A68108700A75B9A /* main.m */ = {isa = PBXFileReference; fileEncoding = 4; lastKnownFileType = sourcecode.c.objc; name = main.m; path = wato/main.m; sourceTree = "<group>"; };
		19F6CBCC0A4E27FBF8BF4A61 /* libPods-wato-watoTests.a */ = {isa = PBXFileReference; explicitFileType = archive.ar; includeInIndex = 0; path = "libPods-wato-watoTests.a"; sourceTree = BUILT_PRODUCTS_DIR; };
		3B4392A12AC88292D35C810B /* Pods-wato.debug.xcconfig */ = {isa = PBXFileReference; includeInIndex = 1; lastKnownFileType = text.xcconfig; name = "Pods-wato.debug.xcconfig"; path = "Target Support Files/Pods-wato/Pods-wato.debug.xcconfig"; sourceTree = "<group>"; };
		5709B34CF0A7D63546082F79 /* Pods-wato.release.xcconfig */ = {isa = PBXFileReference; includeInIndex = 1; lastKnownFileType = text.xcconfig; name = "Pods-wato.release.xcconfig"; path = "Target Support Files/Pods-wato/Pods-wato.release.xcconfig"; sourceTree = "<group>"; };
		5B7EB9410499542E8C5724F5 /* Pods-wato-watoTests.debug.xcconfig */ = {isa = PBXFileReference; includeInIndex = 1; lastKnownFileType = text.xcconfig; name = "Pods-wato-watoTests.debug.xcconfig"; path = "Target Support Files/Pods-wato-watoTests/Pods-wato-watoTests.debug.xcconfig"; sourceTree = "<group>"; };
		5DCACB8F33CDC322A6C60F78 /* libPods-wato.a */ = {isa = PBXFileReference; explicitFileType = archive.ar; includeInIndex = 0; path = "libPods-wato.a"; sourceTree = BUILT_PRODUCTS_DIR; };
		81AB9BB72411601600AC10FF /* LaunchScreen.storyboard */ = {isa = PBXFileReference; fileEncoding = 4; lastKnownFileType = file.storyboard; name = LaunchScreen.storyboard; path = wato/LaunchScreen.storyboard; sourceTree = "<group>"; };
		89C6BE57DB24E9ADA2F236DE /* Pods-wato-watoTests.release.xcconfig */ = {isa = PBXFileReference; includeInIndex = 1; lastKnownFileType = text.xcconfig; name = "Pods-wato-watoTests.release.xcconfig"; path = "Target Support Files/Pods-wato-watoTests/Pods-wato-watoTests.release.xcconfig"; sourceTree = "<group>"; };
		ED297162215061F000B7C4FE /* JavaScriptCore.framework */ = {isa = PBXFileReference; lastKnownFileType = wrapper.framework; name = JavaScriptCore.framework; path = System/Library/Frameworks/JavaScriptCore.framework; sourceTree = SDKROOT; };
		F2A82306C4BD4594A1AF82E9 /* GT-Super-Display-Bold-Italic-Trial.otf */ = {isa = PBXFileReference; name = "GT-Super-Display-Bold-Italic-Trial.otf"; path = "../app/assets/fonts/GT-Super-Display-Bold-Italic-Trial.otf"; sourceTree = "<group>"; fileEncoding = undefined; lastKnownFileType = unknown; explicitFileType = undefined; includeInIndex = 0; };
		B55CD2F9F2564282B8A2E9D5 /* GT-Super-Display-Bold-Trial.otf */ = {isa = PBXFileReference; name = "GT-Super-Display-Bold-Trial.otf"; path = "../app/assets/fonts/GT-Super-Display-Bold-Trial.otf"; sourceTree = "<group>"; fileEncoding = undefined; lastKnownFileType = unknown; explicitFileType = undefined; includeInIndex = 0; };
		C646761BEF634C05B6143A16 /* GT-Super-Display-Light-Italic-Trial.otf */ = {isa = PBXFileReference; name = "GT-Super-Display-Light-Italic-Trial.otf"; path = "../app/assets/fonts/GT-Super-Display-Light-Italic-Trial.otf"; sourceTree = "<group>"; fileEncoding = undefined; lastKnownFileType = unknown; explicitFileType = undefined; includeInIndex = 0; };
		506D0267FBC943FC8B67A52A /* GT-Super-Display-Light-Trial.otf */ = {isa = PBXFileReference; name = "GT-Super-Display-Light-Trial.otf"; path = "../app/assets/fonts/GT-Super-Display-Light-Trial.otf"; sourceTree = "<group>"; fileEncoding = undefined; lastKnownFileType = unknown; explicitFileType = undefined; includeInIndex = 0; };
		7D6FE96D73AC4DD38590434F /* GT-Super-Display-Medium-Italic-Trial.otf */ = {isa = PBXFileReference; name = "GT-Super-Display-Medium-Italic-Trial.otf"; path = "../app/assets/fonts/GT-Super-Display-Medium-Italic-Trial.otf"; sourceTree = "<group>"; fileEncoding = undefined; lastKnownFileType = unknown; explicitFileType = undefined; includeInIndex = 0; };
		1A6DB12513CC47059A302C04 /* GT-Super-Display-Medium-Trial.otf */ = {isa = PBXFileReference; name = "GT-Super-Display-Medium-Trial.otf"; path = "../app/assets/fonts/GT-Super-Display-Medium-Trial.otf"; sourceTree = "<group>"; fileEncoding = undefined; lastKnownFileType = unknown; explicitFileType = undefined; includeInIndex = 0; };
		133242812ECA41FF93535FB5 /* GT-Super-Display-Regular-Italic-Trial.otf */ = {isa = PBXFileReference; name = "GT-Super-Display-Regular-Italic-Trial.otf"; path = "../app/assets/fonts/GT-Super-Display-Regular-Italic-Trial.otf"; sourceTree = "<group>"; fileEncoding = undefined; lastKnownFileType = unknown; explicitFileType = undefined; includeInIndex = 0; };
		FF7DF73A8AC5403EB6669B2A /* GT-Super-Display-Regular-Trial.otf */ = {isa = PBXFileReference; name = "GT-Super-Display-Regular-Trial.otf"; path = "../app/assets/fonts/GT-Super-Display-Regular-Trial.otf"; sourceTree = "<group>"; fileEncoding = undefined; lastKnownFileType = unknown; explicitFileType = undefined; includeInIndex = 0; };
		8A5DB8EBD7884243A478F005 /* GT-Super-Display-Super-Italic-Trial.otf */ = {isa = PBXFileReference; name = "GT-Super-Display-Super-Italic-Trial.otf"; path = "../app/assets/fonts/GT-Super-Display-Super-Italic-Trial.otf"; sourceTree = "<group>"; fileEncoding = undefined; lastKnownFileType = unknown; explicitFileType = undefined; includeInIndex = 0; };
		2FD25F882E1B4862B19D985B /* GT-Super-Display-Super-Trial.otf */ = {isa = PBXFileReference; name = "GT-Super-Display-Super-Trial.otf"; path = "../app/assets/fonts/GT-Super-Display-Super-Trial.otf"; sourceTree = "<group>"; fileEncoding = undefined; lastKnownFileType = unknown; explicitFileType = undefined; includeInIndex = 0; };
		6CF63AF9D33B47208120754D /* GT-Super-Text-Black-Italic-Trial.otf */ = {isa = PBXFileReference; name = "GT-Super-Text-Black-Italic-Trial.otf"; path = "../app/assets/fonts/GT-Super-Text-Black-Italic-Trial.otf"; sourceTree = "<group>"; fileEncoding = undefined; lastKnownFileType = unknown; explicitFileType = undefined; includeInIndex = 0; };
		66A041484FC0430E9603C38F /* GT-Super-Text-Black-Trial.otf */ = {isa = PBXFileReference; name = "GT-Super-Text-Black-Trial.otf"; path = "../app/assets/fonts/GT-Super-Text-Black-Trial.otf"; sourceTree = "<group>"; fileEncoding = undefined; lastKnownFileType = unknown; explicitFileType = undefined; includeInIndex = 0; };
		DCCB37E8B36E4ED2968A2CB1 /* GT-Super-Text-Bold-Italic-Trial.otf */ = {isa = PBXFileReference; name = "GT-Super-Text-Bold-Italic-Trial.otf"; path = "../app/assets/fonts/GT-Super-Text-Bold-Italic-Trial.otf"; sourceTree = "<group>"; fileEncoding = undefined; lastKnownFileType = unknown; explicitFileType = undefined; includeInIndex = 0; };
		AA42D393CA5A4C42A5072F96 /* GT-Super-Text-Bold-Trial.otf */ = {isa = PBXFileReference; name = "GT-Super-Text-Bold-Trial.otf"; path = "../app/assets/fonts/GT-Super-Text-Bold-Trial.otf"; sourceTree = "<group>"; fileEncoding = undefined; lastKnownFileType = unknown; explicitFileType = undefined; includeInIndex = 0; };
		81E2D73B0CBA477EAF4270BC /* GT-Super-Text-Book-Italic-Trial.otf */ = {isa = PBXFileReference; name = "GT-Super-Text-Book-Italic-Trial.otf"; path = "../app/assets/fonts/GT-Super-Text-Book-Italic-Trial.otf"; sourceTree = "<group>"; fileEncoding = undefined; lastKnownFileType = unknown; explicitFileType = undefined; includeInIndex = 0; };
		3EA6A34A8DC44E4583EDD232 /* GT-Super-Text-Book-Trial.otf */ = {isa = PBXFileReference; name = "GT-Super-Text-Book-Trial.otf"; path = "../app/assets/fonts/GT-Super-Text-Book-Trial.otf"; sourceTree = "<group>"; fileEncoding = undefined; lastKnownFileType = unknown; explicitFileType = undefined; includeInIndex = 0; };
		E3BF5ED056BF49EBABC7336A /* GT-Super-Text-Medium-Italic-Trial.otf */ = {isa = PBXFileReference; name = "GT-Super-Text-Medium-Italic-Trial.otf"; path = "../app/assets/fonts/GT-Super-Text-Medium-Italic-Trial.otf"; sourceTree = "<group>"; fileEncoding = undefined; lastKnownFileType = unknown; explicitFileType = undefined; includeInIndex = 0; };
		372F11D0D7F94B2D9A5F97AB /* GT-Super-Text-Medium-Trial.otf */ = {isa = PBXFileReference; name = "GT-Super-Text-Medium-Trial.otf"; path = "../app/assets/fonts/GT-Super-Text-Medium-Trial.otf"; sourceTree = "<group>"; fileEncoding = undefined; lastKnownFileType = unknown; explicitFileType = undefined; includeInIndex = 0; };
		3BC384FA892B40EB9B7C86A8 /* GT-Super-Text-Regular-Italic-Trial.otf */ = {isa = PBXFileReference; name = "GT-Super-Text-Regular-Italic-Trial.otf"; path = "../app/assets/fonts/GT-Super-Text-Regular-Italic-Trial.otf"; sourceTree = "<group>"; fileEncoding = undefined; lastKnownFileType = unknown; explicitFileType = undefined; includeInIndex = 0; };
		EE6301807E83437AB8BFDBE7 /* GT-Super-Text-Regular-Trial.otf */ = {isa = PBXFileReference; name = "GT-Super-Text-Regular-Trial.otf"; path = "../app/assets/fonts/GT-Super-Text-Regular-Trial.otf"; sourceTree = "<group>"; fileEncoding = undefined; lastKnownFileType = unknown; explicitFileType = undefined; includeInIndex = 0; };
		B452FC79A5F14C9BA9197894 /* Inter-Black.ttf */ = {isa = PBXFileReference; name = "Inter-Black.ttf"; path = "../app/assets/fonts/Inter-Black.ttf"; sourceTree = "<group>"; fileEncoding = undefined; lastKnownFileType = unknown; explicitFileType = undefined; includeInIndex = 0; };
		71C99F4C30334C95B709A732 /* Inter-Bold.ttf */ = {isa = PBXFileReference; name = "Inter-Bold.ttf"; path = "../app/assets/fonts/Inter-Bold.ttf"; sourceTree = "<group>"; fileEncoding = undefined; lastKnownFileType = unknown; explicitFileType = undefined; includeInIndex = 0; };
		3DE49ED6BD2A4837A1880498 /* Inter-ExtraBold.ttf */ = {isa = PBXFileReference; name = "Inter-ExtraBold.ttf"; path = "../app/assets/fonts/Inter-ExtraBold.ttf"; sourceTree = "<group>"; fileEncoding = undefined; lastKnownFileType = unknown; explicitFileType = undefined; includeInIndex = 0; };
		2263CC9BAF734DE685E6813F /* Inter-ExtraLight.ttf */ = {isa = PBXFileReference; name = "Inter-ExtraLight.ttf"; path = "../app/assets/fonts/Inter-ExtraLight.ttf"; sourceTree = "<group>"; fileEncoding = undefined; lastKnownFileType = unknown; explicitFileType = undefined; includeInIndex = 0; };
		7FF27E609CFF4477BA370574 /* Inter-Light.ttf */ = {isa = PBXFileReference; name = "Inter-Light.ttf"; path = "../app/assets/fonts/Inter-Light.ttf"; sourceTree = "<group>"; fileEncoding = undefined; lastKnownFileType = unknown; explicitFileType = undefined; includeInIndex = 0; };
		2C22D9340CD94971B9567C70 /* Inter-Medium.ttf */ = {isa = PBXFileReference; name = "Inter-Medium.ttf"; path = "../app/assets/fonts/Inter-Medium.ttf"; sourceTree = "<group>"; fileEncoding = undefined; lastKnownFileType = unknown; explicitFileType = undefined; includeInIndex = 0; };
		4772FD48F79A46EEBC9E5F18 /* Inter-Regular.ttf */ = {isa = PBXFileReference; name = "Inter-Regular.ttf"; path = "../app/assets/fonts/Inter-Regular.ttf"; sourceTree = "<group>"; fileEncoding = undefined; lastKnownFileType = unknown; explicitFileType = undefined; includeInIndex = 0; };
		13B7AF9FB11241FA9EE1A210 /* Inter-SemiBold.ttf */ = {isa = PBXFileReference; name = "Inter-SemiBold.ttf"; path = "../app/assets/fonts/Inter-SemiBold.ttf"; sourceTree = "<group>"; fileEncoding = undefined; lastKnownFileType = unknown; explicitFileType = undefined; includeInIndex = 0; };
		7E89716EF54842DFBFF2961D /* Inter-Thin.ttf */ = {isa = PBXFileReference; name = "Inter-Thin.ttf"; path = "../app/assets/fonts/Inter-Thin.ttf"; sourceTree = "<group>"; fileEncoding = undefined; lastKnownFileType = unknown; explicitFileType = undefined; includeInIndex = 0; };
		5FA057D74F7A4FD68C95E06B /* OpenSans-Bold.ttf */ = {isa = PBXFileReference; name = "OpenSans-Bold.ttf"; path = "../app/assets/fonts/OpenSans-Bold.ttf"; sourceTree = "<group>"; fileEncoding = undefined; lastKnownFileType = unknown; explicitFileType = undefined; includeInIndex = 0; };
		F0FA2B88226B4C5393BDEA2F /* OpenSans-BoldItalic.ttf */ = {isa = PBXFileReference; name = "OpenSans-BoldItalic.ttf"; path = "../app/assets/fonts/OpenSans-BoldItalic.ttf"; sourceTree = "<group>"; fileEncoding = undefined; lastKnownFileType = unknown; explicitFileType = undefined; includeInIndex = 0; };
		5C067EC754F94B27BFF2B255 /* OpenSans-ExtraBold.ttf */ = {isa = PBXFileReference; name = "OpenSans-ExtraBold.ttf"; path = "../app/assets/fonts/OpenSans-ExtraBold.ttf"; sourceTree = "<group>"; fileEncoding = undefined; lastKnownFileType = unknown; explicitFileType = undefined; includeInIndex = 0; };
		B4C0DECAB2B642488322427E /* OpenSans-ExtraBoldItalic.ttf */ = {isa = PBXFileReference; name = "OpenSans-ExtraBoldItalic.ttf"; path = "../app/assets/fonts/OpenSans-ExtraBoldItalic.ttf"; sourceTree = "<group>"; fileEncoding = undefined; lastKnownFileType = unknown; explicitFileType = undefined; includeInIndex = 0; };
		8BF782741ED1420BBE720CE5 /* OpenSans-Italic.ttf */ = {isa = PBXFileReference; name = "OpenSans-Italic.ttf"; path = "../app/assets/fonts/OpenSans-Italic.ttf"; sourceTree = "<group>"; fileEncoding = undefined; lastKnownFileType = unknown; explicitFileType = undefined; includeInIndex = 0; };
		A5A62D383A394951BE974867 /* OpenSans-Light.ttf */ = {isa = PBXFileReference; name = "OpenSans-Light.ttf"; path = "../app/assets/fonts/OpenSans-Light.ttf"; sourceTree = "<group>"; fileEncoding = undefined; lastKnownFileType = unknown; explicitFileType = undefined; includeInIndex = 0; };
		43EC084FFA0D4FA694D90783 /* OpenSans-LightItalic.ttf */ = {isa = PBXFileReference; name = "OpenSans-LightItalic.ttf"; path = "../app/assets/fonts/OpenSans-LightItalic.ttf"; sourceTree = "<group>"; fileEncoding = undefined; lastKnownFileType = unknown; explicitFileType = undefined; includeInIndex = 0; };
		6EF8156C079F48D4BAE2D959 /* OpenSans-Medium.ttf */ = {isa = PBXFileReference; name = "OpenSans-Medium.ttf"; path = "../app/assets/fonts/OpenSans-Medium.ttf"; sourceTree = "<group>"; fileEncoding = undefined; lastKnownFileType = unknown; explicitFileType = undefined; includeInIndex = 0; };
		B556A01ADAB44FFC8BB742F4 /* OpenSans-MediumItalic.ttf */ = {isa = PBXFileReference; name = "OpenSans-MediumItalic.ttf"; path = "../app/assets/fonts/OpenSans-MediumItalic.ttf"; sourceTree = "<group>"; fileEncoding = undefined; lastKnownFileType = unknown; explicitFileType = undefined; includeInIndex = 0; };
		C857A19672CF4CAC8DD7A732 /* OpenSans-Regular.ttf */ = {isa = PBXFileReference; name = "OpenSans-Regular.ttf"; path = "../app/assets/fonts/OpenSans-Regular.ttf"; sourceTree = "<group>"; fileEncoding = undefined; lastKnownFileType = unknown; explicitFileType = undefined; includeInIndex = 0; };
		675E7B5BB84D4E2EAB1D0607 /* OpenSans-SemiBold.ttf */ = {isa = PBXFileReference; name = "OpenSans-SemiBold.ttf"; path = "../app/assets/fonts/OpenSans-SemiBold.ttf"; sourceTree = "<group>"; fileEncoding = undefined; lastKnownFileType = unknown; explicitFileType = undefined; includeInIndex = 0; };
		D51B7210657C440EA0EA7A19 /* OpenSans-SemiBoldItalic.ttf */ = {isa = PBXFileReference; name = "OpenSans-SemiBoldItalic.ttf"; path = "../app/assets/fonts/OpenSans-SemiBoldItalic.ttf"; sourceTree = "<group>"; fileEncoding = undefined; lastKnownFileType = unknown; explicitFileType = undefined; includeInIndex = 0; };
		A4B3975134AB44A5951CA053 /* OpenSans_Condensed-Bold.ttf */ = {isa = PBXFileReference; name = "OpenSans_Condensed-Bold.ttf"; path = "../app/assets/fonts/OpenSans_Condensed-Bold.ttf"; sourceTree = "<group>"; fileEncoding = undefined; lastKnownFileType = unknown; explicitFileType = undefined; includeInIndex = 0; };
		E2AB4B1C8EBA4D9B9F02F789 /* OpenSans_Condensed-BoldItalic.ttf */ = {isa = PBXFileReference; name = "OpenSans_Condensed-BoldItalic.ttf"; path = "../app/assets/fonts/OpenSans_Condensed-BoldItalic.ttf"; sourceTree = "<group>"; fileEncoding = undefined; lastKnownFileType = unknown; explicitFileType = undefined; includeInIndex = 0; };
		28BDE21BC0844FC8A1A35D7B /* OpenSans_Condensed-ExtraBold.ttf */ = {isa = PBXFileReference; name = "OpenSans_Condensed-ExtraBold.ttf"; path = "../app/assets/fonts/OpenSans_Condensed-ExtraBold.ttf"; sourceTree = "<group>"; fileEncoding = undefined; lastKnownFileType = unknown; explicitFileType = undefined; includeInIndex = 0; };
		F2771251D0E64DD28CFEF4B4 /* OpenSans_Condensed-ExtraBoldItalic.ttf */ = {isa = PBXFileReference; name = "OpenSans_Condensed-ExtraBoldItalic.ttf"; path = "../app/assets/fonts/OpenSans_Condensed-ExtraBoldItalic.ttf"; sourceTree = "<group>"; fileEncoding = undefined; lastKnownFileType = unknown; explicitFileType = undefined; includeInIndex = 0; };
		1ECF8543C54C46C4A75CDE02 /* OpenSans_Condensed-Italic.ttf */ = {isa = PBXFileReference; name = "OpenSans_Condensed-Italic.ttf"; path = "../app/assets/fonts/OpenSans_Condensed-Italic.ttf"; sourceTree = "<group>"; fileEncoding = undefined; lastKnownFileType = unknown; explicitFileType = undefined; includeInIndex = 0; };
		C9E98F6BEA0C42D2A74D556D /* OpenSans_Condensed-Light.ttf */ = {isa = PBXFileReference; name = "OpenSans_Condensed-Light.ttf"; path = "../app/assets/fonts/OpenSans_Condensed-Light.ttf"; sourceTree = "<group>"; fileEncoding = undefined; lastKnownFileType = unknown; explicitFileType = undefined; includeInIndex = 0; };
		8252B8A3D4974669B29A41ED /* OpenSans_Condensed-LightItalic.ttf */ = {isa = PBXFileReference; name = "OpenSans_Condensed-LightItalic.ttf"; path = "../app/assets/fonts/OpenSans_Condensed-LightItalic.ttf"; sourceTree = "<group>"; fileEncoding = undefined; lastKnownFileType = unknown; explicitFileType = undefined; includeInIndex = 0; };
		BCD5206ED32141B3ADDBAE92 /* OpenSans_Condensed-Medium.ttf */ = {isa = PBXFileReference; name = "OpenSans_Condensed-Medium.ttf"; path = "../app/assets/fonts/OpenSans_Condensed-Medium.ttf"; sourceTree = "<group>"; fileEncoding = undefined; lastKnownFileType = unknown; explicitFileType = undefined; includeInIndex = 0; };
		3AB174EC2DDC4384818B8596 /* OpenSans_Condensed-MediumItalic.ttf */ = {isa = PBXFileReference; name = "OpenSans_Condensed-MediumItalic.ttf"; path = "../app/assets/fonts/OpenSans_Condensed-MediumItalic.ttf"; sourceTree = "<group>"; fileEncoding = undefined; lastKnownFileType = unknown; explicitFileType = undefined; includeInIndex = 0; };
		12D5D42FB1274DF4AACB0D83 /* OpenSans_Condensed-Regular.ttf */ = {isa = PBXFileReference; name = "OpenSans_Condensed-Regular.ttf"; path = "../app/assets/fonts/OpenSans_Condensed-Regular.ttf"; sourceTree = "<group>"; fileEncoding = undefined; lastKnownFileType = unknown; explicitFileType = undefined; includeInIndex = 0; };
		2E3CB5A1A5B445BF822F9EBA /* OpenSans_Condensed-SemiBold.ttf */ = {isa = PBXFileReference; name = "OpenSans_Condensed-SemiBold.ttf"; path = "../app/assets/fonts/OpenSans_Condensed-SemiBold.ttf"; sourceTree = "<group>"; fileEncoding = undefined; lastKnownFileType = unknown; explicitFileType = undefined; includeInIndex = 0; };
		DA1F682283F54A7780856705 /* OpenSans_Condensed-SemiBoldItalic.ttf */ = {isa = PBXFileReference; name = "OpenSans_Condensed-SemiBoldItalic.ttf"; path = "../app/assets/fonts/OpenSans_Condensed-SemiBoldItalic.ttf"; sourceTree = "<group>"; fileEncoding = undefined; lastKnownFileType = unknown; explicitFileType = undefined; includeInIndex = 0; };
		B8A176BA193745E6A140F89D /* OpenSans_SemiCondensed-Bold.ttf */ = {isa = PBXFileReference; name = "OpenSans_SemiCondensed-Bold.ttf"; path = "../app/assets/fonts/OpenSans_SemiCondensed-Bold.ttf"; sourceTree = "<group>"; fileEncoding = undefined; lastKnownFileType = unknown; explicitFileType = undefined; includeInIndex = 0; };
		70EC9351567D424BAE93B63D /* OpenSans_SemiCondensed-BoldItalic.ttf */ = {isa = PBXFileReference; name = "OpenSans_SemiCondensed-BoldItalic.ttf"; path = "../app/assets/fonts/OpenSans_SemiCondensed-BoldItalic.ttf"; sourceTree = "<group>"; fileEncoding = undefined; lastKnownFileType = unknown; explicitFileType = undefined; includeInIndex = 0; };
		39052126A4754D97B48B80AE /* OpenSans_SemiCondensed-ExtraBold.ttf */ = {isa = PBXFileReference; name = "OpenSans_SemiCondensed-ExtraBold.ttf"; path = "../app/assets/fonts/OpenSans_SemiCondensed-ExtraBold.ttf"; sourceTree = "<group>"; fileEncoding = undefined; lastKnownFileType = unknown; explicitFileType = undefined; includeInIndex = 0; };
		ADA049E48B5A4794A0A5FE3A /* OpenSans_SemiCondensed-ExtraBoldItalic.ttf */ = {isa = PBXFileReference; name = "OpenSans_SemiCondensed-ExtraBoldItalic.ttf"; path = "../app/assets/fonts/OpenSans_SemiCondensed-ExtraBoldItalic.ttf"; sourceTree = "<group>"; fileEncoding = undefined; lastKnownFileType = unknown; explicitFileType = undefined; includeInIndex = 0; };
		C4E3BFF712964120B29F180D /* OpenSans_SemiCondensed-Italic.ttf */ = {isa = PBXFileReference; name = "OpenSans_SemiCondensed-Italic.ttf"; path = "../app/assets/fonts/OpenSans_SemiCondensed-Italic.ttf"; sourceTree = "<group>"; fileEncoding = undefined; lastKnownFileType = unknown; explicitFileType = undefined; includeInIndex = 0; };
		710FF78CD6E844CCAEFBD5F5 /* OpenSans_SemiCondensed-Light.ttf */ = {isa = PBXFileReference; name = "OpenSans_SemiCondensed-Light.ttf"; path = "../app/assets/fonts/OpenSans_SemiCondensed-Light.ttf"; sourceTree = "<group>"; fileEncoding = undefined; lastKnownFileType = unknown; explicitFileType = undefined; includeInIndex = 0; };
		B773AD55EB594C42AFF1E9D2 /* OpenSans_SemiCondensed-LightItalic.ttf */ = {isa = PBXFileReference; name = "OpenSans_SemiCondensed-LightItalic.ttf"; path = "../app/assets/fonts/OpenSans_SemiCondensed-LightItalic.ttf"; sourceTree = "<group>"; fileEncoding = undefined; lastKnownFileType = unknown; explicitFileType = undefined; includeInIndex = 0; };
		9EBCC687E9E14088A6CF83CF /* OpenSans_SemiCondensed-Medium.ttf */ = {isa = PBXFileReference; name = "OpenSans_SemiCondensed-Medium.ttf"; path = "../app/assets/fonts/OpenSans_SemiCondensed-Medium.ttf"; sourceTree = "<group>"; fileEncoding = undefined; lastKnownFileType = unknown; explicitFileType = undefined; includeInIndex = 0; };
		9F1233B38CC0418DA6855D9E /* OpenSans_SemiCondensed-MediumItalic.ttf */ = {isa = PBXFileReference; name = "OpenSans_SemiCondensed-MediumItalic.ttf"; path = "../app/assets/fonts/OpenSans_SemiCondensed-MediumItalic.ttf"; sourceTree = "<group>"; fileEncoding = undefined; lastKnownFileType = unknown; explicitFileType = undefined; includeInIndex = 0; };
		DCE547835D2142CA94A1F2A0 /* OpenSans_SemiCondensed-Regular.ttf */ = {isa = PBXFileReference; name = "OpenSans_SemiCondensed-Regular.ttf"; path = "../app/assets/fonts/OpenSans_SemiCondensed-Regular.ttf"; sourceTree = "<group>"; fileEncoding = undefined; lastKnownFileType = unknown; explicitFileType = undefined; includeInIndex = 0; };
		593A152DC8EF410DBB932BC8 /* OpenSans_SemiCondensed-SemiBold.ttf */ = {isa = PBXFileReference; name = "OpenSans_SemiCondensed-SemiBold.ttf"; path = "../app/assets/fonts/OpenSans_SemiCondensed-SemiBold.ttf"; sourceTree = "<group>"; fileEncoding = undefined; lastKnownFileType = unknown; explicitFileType = undefined; includeInIndex = 0; };
		272CF813EFB0409591214AD4 /* OpenSans_SemiCondensed-SemiBoldItalic.ttf */ = {isa = PBXFileReference; name = "OpenSans_SemiCondensed-SemiBoldItalic.ttf"; path = "../app/assets/fonts/OpenSans_SemiCondensed-SemiBoldItalic.ttf"; sourceTree = "<group>"; fileEncoding = undefined; lastKnownFileType = unknown; explicitFileType = undefined; includeInIndex = 0; };
		272DDF9EFF4944409849FA56 /* GTSuperBold.otf */ = {isa = PBXFileReference; name = "GTSuperBold.otf"; path = "../app/assets/fonts/GTSuperBold.otf"; sourceTree = "<group>"; fileEncoding = undefined; lastKnownFileType = unknown; explicitFileType = undefined; includeInIndex = 0; };
		E37A6EF3F21749C38886671C /* GTSuperRegular.otf */ = {isa = PBXFileReference; name = "GTSuperRegular.otf"; path = "../app/assets/fonts/GTSuperRegular.otf"; sourceTree = "<group>"; fileEncoding = undefined; lastKnownFileType = unknown; explicitFileType = undefined; includeInIndex = 0; };
		A8293B798E614EEE8E6E428B /* SansBook.otf */ = {isa = PBXFileReference; name = "SansBook.otf"; path = "../app/assets/fonts/SansBook.otf"; sourceTree = "<group>"; fileEncoding = undefined; lastKnownFileType = unknown; explicitFileType = undefined; includeInIndex = 0; };
		04C534C8240A4E8B826EDDB7 /* SansLight.otf */ = {isa = PBXFileReference; name = "SansLight.otf"; path = "../app/assets/fonts/SansLight.otf"; sourceTree = "<group>"; fileEncoding = undefined; lastKnownFileType = unknown; explicitFileType = undefined; includeInIndex = 0; };
		B914231E3BC8405289454005 /* SequelSansBoldDisp.otf */ = {isa = PBXFileReference; name = "SequelSansBoldDisp.otf"; path = "../app/assets/fonts/SequelSansBoldDisp.otf"; sourceTree = "<group>"; fileEncoding = undefined; lastKnownFileType = unknown; explicitFileType = undefined; includeInIndex = 0; };
		DD3B9350F13F4362ADD6BD9E /* SequelSansMediumDisp.otf */ = {isa = PBXFileReference; name = "SequelSansMediumDisp.otf"; path = "../app/assets/fonts/SequelSansMediumDisp.otf"; sourceTree = "<group>"; fileEncoding = undefined; lastKnownFileType = unknown; explicitFileType = undefined; includeInIndex = 0; };
		A12BE9045D3A4291954969DB /* SequelSansBoldDisp.ttf */ = {isa = PBXFileReference; name = "SequelSansBoldDisp.ttf"; path = "../app/assets/fonts/SequelSansBoldDisp.ttf"; sourceTree = "<group>"; fileEncoding = undefined; lastKnownFileType = unknown; explicitFileType = undefined; includeInIndex = 0; };
/* End PBXFileReference section */

/* Begin PBXFrameworksBuildPhase section */
		00E356EB1AD99517003FC87E /* Frameworks */ = {
			isa = PBXFrameworksBuildPhase;
			buildActionMask = 2147483647;
			files = (
				7699B88040F8A987B510C191 /* libPods-wato-watoTests.a in Frameworks */,
			);
			runOnlyForDeploymentPostprocessing = 0;
		};
		13B07F8C1A680F5B00A75B9A /* Frameworks */ = {
			isa = PBXFrameworksBuildPhase;
			buildActionMask = 2147483647;
			files = (
				0C80B921A6F3F58F76C31292 /* libPods-wato.a in Frameworks */,
			);
			runOnlyForDeploymentPostprocessing = 0;
		};
/* End PBXFrameworksBuildPhase section */

/* Begin PBXGroup section */
		00E356EF1AD99517003FC87E /* watoTests */ = {
			isa = PBXGroup;
			children = (
				00E356F21AD99517003FC87E /* watoTests.m */,
				00E356F01AD99517003FC87E /* Supporting Files */,
			);
			path = watoTests;
			sourceTree = "<group>";
		};
		00E356F01AD99517003FC87E /* Supporting Files */ = {
			isa = PBXGroup;
			children = (
				00E356F11AD99517003FC87E /* Info.plist */,
			);
			name = "Supporting Files";
			sourceTree = "<group>";
		};
		13B07FAE1A68108700A75B9A /* wato */ = {
			isa = PBXGroup;
			children = (
				13B07FAF1A68108700A75B9A /* AppDelegate.h */,
				13B07FB01A68108700A75B9A /* AppDelegate.mm */,
				13B07FB51A68108700A75B9A /* Images.xcassets */,
				13B07FB61A68108700A75B9A /* Info.plist */,
				81AB9BB72411601600AC10FF /* LaunchScreen.storyboard */,
				13B07FB71A68108700A75B9A /* main.m */,
			);
			name = wato;
			sourceTree = "<group>";
		};
		2D16E6871FA4F8E400B85C8A /* Frameworks */ = {
			isa = PBXGroup;
			children = (
				ED297162215061F000B7C4FE /* JavaScriptCore.framework */,
				5DCACB8F33CDC322A6C60F78 /* libPods-wato.a */,
				19F6CBCC0A4E27FBF8BF4A61 /* libPods-wato-watoTests.a */,
			);
			name = Frameworks;
			sourceTree = "<group>";
		};
		832341AE1AAA6A7D00B99B32 /* Libraries */ = {
			isa = PBXGroup;
			children = (
			);
			name = Libraries;
			sourceTree = "<group>";
		};
		83CBB9F61A601CBA00E9B192 = {
			isa = PBXGroup;
			children = (
				13B07FAE1A68108700A75B9A /* wato */,
				832341AE1AAA6A7D00B99B32 /* Libraries */,
				00E356EF1AD99517003FC87E /* watoTests */,
				83CBBA001A601CBA00E9B192 /* Products */,
				2D16E6871FA4F8E400B85C8A /* Frameworks */,
				BBD78D7AC51CEA395F1C20DB /* Pods */,
				BD05A0A1B93140E99F14E26E /* Resources */,
			);
			indentWidth = 2;
			sourceTree = "<group>";
			tabWidth = 2;
			usesTabs = 0;
		};
		83CBBA001A601CBA00E9B192 /* Products */ = {
			isa = PBXGroup;
			children = (
				13B07F961A680F5B00A75B9A /* wato.app */,
				00E356EE1AD99517003FC87E /* watoTests.xctest */,
			);
			name = Products;
			sourceTree = "<group>";
		};
		BBD78D7AC51CEA395F1C20DB /* Pods */ = {
			isa = PBXGroup;
			children = (
				3B4392A12AC88292D35C810B /* Pods-wato.debug.xcconfig */,
				5709B34CF0A7D63546082F79 /* Pods-wato.release.xcconfig */,
				5B7EB9410499542E8C5724F5 /* Pods-wato-watoTests.debug.xcconfig */,
				89C6BE57DB24E9ADA2F236DE /* Pods-wato-watoTests.release.xcconfig */,
			);
			path = Pods;
			sourceTree = "<group>";
		};
		BD05A0A1B93140E99F14E26E /* Resources */ = {
			isa = "PBXGroup";
			children = (
				F2A82306C4BD4594A1AF82E9 /* GT-Super-Display-Bold-Italic-Trial.otf */,
				B55CD2F9F2564282B8A2E9D5 /* GT-Super-Display-Bold-Trial.otf */,
				C646761BEF634C05B6143A16 /* GT-Super-Display-Light-Italic-Trial.otf */,
				506D0267FBC943FC8B67A52A /* GT-Super-Display-Light-Trial.otf */,
				7D6FE96D73AC4DD38590434F /* GT-Super-Display-Medium-Italic-Trial.otf */,
				1A6DB12513CC47059A302C04 /* GT-Super-Display-Medium-Trial.otf */,
				133242812ECA41FF93535FB5 /* GT-Super-Display-Regular-Italic-Trial.otf */,
				FF7DF73A8AC5403EB6669B2A /* GT-Super-Display-Regular-Trial.otf */,
				8A5DB8EBD7884243A478F005 /* GT-Super-Display-Super-Italic-Trial.otf */,
				2FD25F882E1B4862B19D985B /* GT-Super-Display-Super-Trial.otf */,
				6CF63AF9D33B47208120754D /* GT-Super-Text-Black-Italic-Trial.otf */,
				66A041484FC0430E9603C38F /* GT-Super-Text-Black-Trial.otf */,
				DCCB37E8B36E4ED2968A2CB1 /* GT-Super-Text-Bold-Italic-Trial.otf */,
				AA42D393CA5A4C42A5072F96 /* GT-Super-Text-Bold-Trial.otf */,
				81E2D73B0CBA477EAF4270BC /* GT-Super-Text-Book-Italic-Trial.otf */,
				3EA6A34A8DC44E4583EDD232 /* GT-Super-Text-Book-Trial.otf */,
				E3BF5ED056BF49EBABC7336A /* GT-Super-Text-Medium-Italic-Trial.otf */,
				372F11D0D7F94B2D9A5F97AB /* GT-Super-Text-Medium-Trial.otf */,
				3BC384FA892B40EB9B7C86A8 /* GT-Super-Text-Regular-Italic-Trial.otf */,
				EE6301807E83437AB8BFDBE7 /* GT-Super-Text-Regular-Trial.otf */,
				B452FC79A5F14C9BA9197894 /* Inter-Black.ttf */,
				71C99F4C30334C95B709A732 /* Inter-Bold.ttf */,
				3DE49ED6BD2A4837A1880498 /* Inter-ExtraBold.ttf */,
				2263CC9BAF734DE685E6813F /* Inter-ExtraLight.ttf */,
				7FF27E609CFF4477BA370574 /* Inter-Light.ttf */,
				2C22D9340CD94971B9567C70 /* Inter-Medium.ttf */,
				4772FD48F79A46EEBC9E5F18 /* Inter-Regular.ttf */,
				13B7AF9FB11241FA9EE1A210 /* Inter-SemiBold.ttf */,
				7E89716EF54842DFBFF2961D /* Inter-Thin.ttf */,
				5FA057D74F7A4FD68C95E06B /* OpenSans-Bold.ttf */,
				F0FA2B88226B4C5393BDEA2F /* OpenSans-BoldItalic.ttf */,
				5C067EC754F94B27BFF2B255 /* OpenSans-ExtraBold.ttf */,
				B4C0DECAB2B642488322427E /* OpenSans-ExtraBoldItalic.ttf */,
				8BF782741ED1420BBE720CE5 /* OpenSans-Italic.ttf */,
				A5A62D383A394951BE974867 /* OpenSans-Light.ttf */,
				43EC084FFA0D4FA694D90783 /* OpenSans-LightItalic.ttf */,
				6EF8156C079F48D4BAE2D959 /* OpenSans-Medium.ttf */,
				B556A01ADAB44FFC8BB742F4 /* OpenSans-MediumItalic.ttf */,
				C857A19672CF4CAC8DD7A732 /* OpenSans-Regular.ttf */,
				675E7B5BB84D4E2EAB1D0607 /* OpenSans-SemiBold.ttf */,
				D51B7210657C440EA0EA7A19 /* OpenSans-SemiBoldItalic.ttf */,
				A4B3975134AB44A5951CA053 /* OpenSans_Condensed-Bold.ttf */,
				E2AB4B1C8EBA4D9B9F02F789 /* OpenSans_Condensed-BoldItalic.ttf */,
				28BDE21BC0844FC8A1A35D7B /* OpenSans_Condensed-ExtraBold.ttf */,
				F2771251D0E64DD28CFEF4B4 /* OpenSans_Condensed-ExtraBoldItalic.ttf */,
				1ECF8543C54C46C4A75CDE02 /* OpenSans_Condensed-Italic.ttf */,
				C9E98F6BEA0C42D2A74D556D /* OpenSans_Condensed-Light.ttf */,
				8252B8A3D4974669B29A41ED /* OpenSans_Condensed-LightItalic.ttf */,
				BCD5206ED32141B3ADDBAE92 /* OpenSans_Condensed-Medium.ttf */,
				3AB174EC2DDC4384818B8596 /* OpenSans_Condensed-MediumItalic.ttf */,
				12D5D42FB1274DF4AACB0D83 /* OpenSans_Condensed-Regular.ttf */,
				2E3CB5A1A5B445BF822F9EBA /* OpenSans_Condensed-SemiBold.ttf */,
				DA1F682283F54A7780856705 /* OpenSans_Condensed-SemiBoldItalic.ttf */,
				B8A176BA193745E6A140F89D /* OpenSans_SemiCondensed-Bold.ttf */,
				70EC9351567D424BAE93B63D /* OpenSans_SemiCondensed-BoldItalic.ttf */,
				39052126A4754D97B48B80AE /* OpenSans_SemiCondensed-ExtraBold.ttf */,
				ADA049E48B5A4794A0A5FE3A /* OpenSans_SemiCondensed-ExtraBoldItalic.ttf */,
				C4E3BFF712964120B29F180D /* OpenSans_SemiCondensed-Italic.ttf */,
				710FF78CD6E844CCAEFBD5F5 /* OpenSans_SemiCondensed-Light.ttf */,
				B773AD55EB594C42AFF1E9D2 /* OpenSans_SemiCondensed-LightItalic.ttf */,
				9EBCC687E9E14088A6CF83CF /* OpenSans_SemiCondensed-Medium.ttf */,
				9F1233B38CC0418DA6855D9E /* OpenSans_SemiCondensed-MediumItalic.ttf */,
				DCE547835D2142CA94A1F2A0 /* OpenSans_SemiCondensed-Regular.ttf */,
				593A152DC8EF410DBB932BC8 /* OpenSans_SemiCondensed-SemiBold.ttf */,
				272CF813EFB0409591214AD4 /* OpenSans_SemiCondensed-SemiBoldItalic.ttf */,
				272DDF9EFF4944409849FA56 /* GTSuperBold.otf */,
				E37A6EF3F21749C38886671C /* GTSuperRegular.otf */,
				A8293B798E614EEE8E6E428B /* SansBook.otf */,
				04C534C8240A4E8B826EDDB7 /* SansLight.otf */,
				B914231E3BC8405289454005 /* SequelSansBoldDisp.otf */,
				DD3B9350F13F4362ADD6BD9E /* SequelSansMediumDisp.otf */,
				A12BE9045D3A4291954969DB /* SequelSansBoldDisp.ttf */,
			);
			name = Resources;
			sourceTree = "<group>";
			path = "";
		};
/* End PBXGroup section */

/* Begin PBXNativeTarget section */
		00E356ED1AD99517003FC87E /* watoTests */ = {
			isa = PBXNativeTarget;
			buildConfigurationList = 00E357021AD99517003FC87E /* Build configuration list for PBXNativeTarget "watoTests" */;
			buildPhases = (
				A55EABD7B0C7F3A422A6CC61 /* [CP] Check Pods Manifest.lock */,
				00E356EA1AD99517003FC87E /* Sources */,
				00E356EB1AD99517003FC87E /* Frameworks */,
				00E356EC1AD99517003FC87E /* Resources */,
				C59DA0FBD6956966B86A3779 /* [CP] Embed Pods Frameworks */,
				F6A41C54EA430FDDC6A6ED99 /* [CP] Copy Pods Resources */,
			);
			buildRules = (
			);
			dependencies = (
				00E356F51AD99517003FC87E /* PBXTargetDependency */,
			);
			name = watoTests;
			productName = watoTests;
			productReference = 00E356EE1AD99517003FC87E /* watoTests.xctest */;
			productType = "com.apple.product-type.bundle.unit-test";
		};
		13B07F861A680F5B00A75B9A /* wato */ = {
			isa = PBXNativeTarget;
			buildConfigurationList = 13B07F931A680F5B00A75B9A /* Build configuration list for PBXNativeTarget "wato" */;
			buildPhases = (
				C38B50BA6285516D6DCD4F65 /* [CP] Check Pods Manifest.lock */,
				13B07F871A680F5B00A75B9A /* Sources */,
				13B07F8C1A680F5B00A75B9A /* Frameworks */,
				13B07F8E1A680F5B00A75B9A /* Resources */,
				00DD1BFF1BD5951E006B06BC /* Bundle React Native code and images */,
				00EEFC60759A1932668264C0 /* [CP] Embed Pods Frameworks */,
				E235C05ADACE081382539298 /* [CP] Copy Pods Resources */,
			);
			buildRules = (
			);
			dependencies = (
			);
			name = wato;
			productName = wato;
			productReference = 13B07F961A680F5B00A75B9A /* wato.app */;
			productType = "com.apple.product-type.application";
		};
/* End PBXNativeTarget section */

/* Begin PBXProject section */
		83CBB9F71A601CBA00E9B192 /* Project object */ = {
			isa = PBXProject;
			attributes = {
				LastUpgradeCheck = 1210;
				TargetAttributes = {
					00E356ED1AD99517003FC87E = {
						CreatedOnToolsVersion = 6.2;
						TestTargetID = 13B07F861A680F5B00A75B9A;
					};
					13B07F861A680F5B00A75B9A = {
						LastSwiftMigration = 1120;
					};
				};
			};
			buildConfigurationList = 83CBB9FA1A601CBA00E9B192 /* Build configuration list for PBXProject "wato" */;
			compatibilityVersion = "Xcode 12.0";
			developmentRegion = en;
			hasScannedForEncodings = 0;
			knownRegions = (
				en,
				Base,
			);
			mainGroup = 83CBB9F61A601CBA00E9B192;
			productRefGroup = 83CBBA001A601CBA00E9B192 /* Products */;
			projectDirPath = "";
			projectRoot = "";
			targets = (
				13B07F861A680F5B00A75B9A /* wato */,
				00E356ED1AD99517003FC87E /* watoTests */,
			);
		};
/* End PBXProject section */

/* Begin PBXResourcesBuildPhase section */
		00E356EC1AD99517003FC87E /* Resources */ = {
			isa = PBXResourcesBuildPhase;
			buildActionMask = 2147483647;
			files = (
			);
			runOnlyForDeploymentPostprocessing = 0;
		};
		13B07F8E1A680F5B00A75B9A /* Resources */ = {
			isa = PBXResourcesBuildPhase;
			buildActionMask = 2147483647;
			files = (
				81AB9BB82411601600AC10FF /* LaunchScreen.storyboard in Resources */,
				13B07FBF1A68108700A75B9A /* Images.xcassets in Resources */,
				1471DB21D6434B4D82DCBB3B /* GT-Super-Display-Bold-Italic-Trial.otf in Resources */,
				A1AD82BD886D4940917BD18F /* GT-Super-Display-Bold-Trial.otf in Resources */,
				EF3D5381B778490D94CC1F12 /* GT-Super-Display-Light-Italic-Trial.otf in Resources */,
				E6CD506B669944E8A11ECFF3 /* GT-Super-Display-Light-Trial.otf in Resources */,
				0110EE5C026940158984285E /* GT-Super-Display-Medium-Italic-Trial.otf in Resources */,
				DDB872C22D0A45BDA27EF9EF /* GT-Super-Display-Medium-Trial.otf in Resources */,
				1DD0DAF4B085472A81224DD6 /* GT-Super-Display-Regular-Italic-Trial.otf in Resources */,
				319BDBF6F0044EEA95C39BFB /* GT-Super-Display-Regular-Trial.otf in Resources */,
				F3D55CD52053479A847EDB63 /* GT-Super-Display-Super-Italic-Trial.otf in Resources */,
				A97F85EE59EC46478543C102 /* GT-Super-Display-Super-Trial.otf in Resources */,
				BFEBBAA510A244CE91465718 /* GT-Super-Text-Black-Italic-Trial.otf in Resources */,
				C3034AB1C14F418781233A8C /* GT-Super-Text-Black-Trial.otf in Resources */,
				FC961702471E4CF9BC685D6A /* GT-Super-Text-Bold-Italic-Trial.otf in Resources */,
				5762DF51F8C543CCB7563EF9 /* GT-Super-Text-Bold-Trial.otf in Resources */,
				41A5E897E3FD4171A04828D3 /* GT-Super-Text-Book-Italic-Trial.otf in Resources */,
				AE7D186CDAD34128A69A5BB1 /* GT-Super-Text-Book-Trial.otf in Resources */,
				E8A9300C23DF4BB28A5D318A /* GT-Super-Text-Medium-Italic-Trial.otf in Resources */,
				038782B940E543BE944E2FE2 /* GT-Super-Text-Medium-Trial.otf in Resources */,
				99C4B98BA7FF473DAC5D70D8 /* GT-Super-Text-Regular-Italic-Trial.otf in Resources */,
				7EFAA00EAB974FBC93B04118 /* GT-Super-Text-Regular-Trial.otf in Resources */,
				D77E393A938841D0AD4CB8F1 /* Inter-Black.ttf in Resources */,
				90037F40D3AF4365BF93600A /* Inter-Bold.ttf in Resources */,
				1F139590C1F44A29AEFF4A3C /* Inter-ExtraBold.ttf in Resources */,
				462F167E35764EE4B27CA38E /* Inter-ExtraLight.ttf in Resources */,
				4A2D5DDD82FA4511931C8C63 /* Inter-Light.ttf in Resources */,
				6D4F303E54404F42B1B7015E /* Inter-Medium.ttf in Resources */,
				63E856698E5F467296F6D6E6 /* Inter-Regular.ttf in Resources */,
				9B72A556E28E46C88F60F747 /* Inter-SemiBold.ttf in Resources */,
				1389D9E358D34712A574E115 /* Inter-Thin.ttf in Resources */,
				9A0E98CA843A4CD68C15755F /* OpenSans-Bold.ttf in Resources */,
				2DCD2C123C1C4926BBAEF425 /* OpenSans-BoldItalic.ttf in Resources */,
				162A1D3DF3424FFA8174B1C9 /* OpenSans-ExtraBold.ttf in Resources */,
				AC5C6D54DC454ACEBEC46D97 /* OpenSans-ExtraBoldItalic.ttf in Resources */,
				A0BABCA6A9604690804ED7C9 /* OpenSans-Italic.ttf in Resources */,
				DAEBE3CDD8E14814B2176B5E /* OpenSans-Light.ttf in Resources */,
				D98F6E5C874A466683072B83 /* OpenSans-LightItalic.ttf in Resources */,
				ACB0A64FA9154D6F87A3DE4B /* OpenSans-Medium.ttf in Resources */,
				2A70FD6E842A41348733FCD6 /* OpenSans-MediumItalic.ttf in Resources */,
				96753364CE6F4652A5DB6E8C /* OpenSans-Regular.ttf in Resources */,
				9C24AF5F606F4A93B68AD8CC /* OpenSans-SemiBold.ttf in Resources */,
				235B026FDEE647DE871BCC9A /* OpenSans-SemiBoldItalic.ttf in Resources */,
				D68726917EE544E890F57B76 /* OpenSans_Condensed-Bold.ttf in Resources */,
				826AA6B56B504157ACBFEBB7 /* OpenSans_Condensed-BoldItalic.ttf in Resources */,
				DE65A29DE3D3457E8B2B44C7 /* OpenSans_Condensed-ExtraBold.ttf in Resources */,
				35A1D8C0816C4154A0512B96 /* OpenSans_Condensed-ExtraBoldItalic.ttf in Resources */,
				69EA69C3BF254004B74B52CA /* OpenSans_Condensed-Italic.ttf in Resources */,
				129D55FEC2FC47D9B5C9D7E2 /* OpenSans_Condensed-Light.ttf in Resources */,
				D84E2AE8CE2A4CAA91AE273C /* OpenSans_Condensed-LightItalic.ttf in Resources */,
				79008763EC3D4C6D9B8C328E /* OpenSans_Condensed-Medium.ttf in Resources */,
				38500987CF394989A4BF2153 /* OpenSans_Condensed-MediumItalic.ttf in Resources */,
				FAD83E3E10A04A2992199133 /* OpenSans_Condensed-Regular.ttf in Resources */,
				A7DC8C6D1FE34CB0B2642ACF /* OpenSans_Condensed-SemiBold.ttf in Resources */,
				CB09250003C645D981016817 /* OpenSans_Condensed-SemiBoldItalic.ttf in Resources */,
				B321B13604664E69904FBC9B /* OpenSans_SemiCondensed-Bold.ttf in Resources */,
				3D73AA7C9215458B982028F9 /* OpenSans_SemiCondensed-BoldItalic.ttf in Resources */,
				6708BF8F12D74539960AB969 /* OpenSans_SemiCondensed-ExtraBold.ttf in Resources */,
				3890A47B9BD2434A82150497 /* OpenSans_SemiCondensed-ExtraBoldItalic.ttf in Resources */,
				0667103FF308421B9D7B2424 /* OpenSans_SemiCondensed-Italic.ttf in Resources */,
				9C5109EB8BD0439E8885205F /* OpenSans_SemiCondensed-Light.ttf in Resources */,
				194A45EFCB014DB9B0A30BBA /* OpenSans_SemiCondensed-LightItalic.ttf in Resources */,
				DFDC77B65748491FB7CA7744 /* OpenSans_SemiCondensed-Medium.ttf in Resources */,
				E06636FC3341436B9837BDD1 /* OpenSans_SemiCondensed-MediumItalic.ttf in Resources */,
				125E3759D4E942E28988A3DC /* OpenSans_SemiCondensed-Regular.ttf in Resources */,
				D61074736E604B99B772EA57 /* OpenSans_SemiCondensed-SemiBold.ttf in Resources */,
				CB2157AB9ABE407885DC0470 /* OpenSans_SemiCondensed-SemiBoldItalic.ttf in Resources */,
				2E38D6DDABF649D9B5103EFC /* GTSuperBold.otf in Resources */,
				0C58C4542EAB4E6E992A30A0 /* GTSuperRegular.otf in Resources */,
				7B871AF394C74516AC585FF3 /* SansBook.otf in Resources */,
				4A8EEF8052EB4872AA8767D9 /* SansLight.otf in Resources */,
				D3C2CF170FD6401D9C64428E /* SequelSansBoldDisp.otf in Resources */,
				7CD4EEEB9BD6415DAE8D0949 /* SequelSansMediumDisp.otf in Resources */,
				AAAA6C9494E04E6F965D4551 /* SequelSansBoldDisp.ttf in Resources */,
			);
			runOnlyForDeploymentPostprocessing = 0;
		};
/* End PBXResourcesBuildPhase section */

/* Begin PBXShellScriptBuildPhase section */
		00DD1BFF1BD5951E006B06BC /* Bundle React Native code and images */ = {
			isa = PBXShellScriptBuildPhase;
			buildActionMask = 2147483647;
			files = (
			);
			inputPaths = (
				"$(SRCROOT)/.xcode.env.local",
				"$(SRCROOT)/.xcode.env",
			);
			name = "Bundle React Native code and images";
			outputPaths = (
			);
			runOnlyForDeploymentPostprocessing = 0;
			shellPath = /bin/sh;
			shellScript = "set -e\n\nWITH_ENVIRONMENT=\"../node_modules/react-native/scripts/xcode/with-environment.sh\"\nREACT_NATIVE_XCODE=\"../node_modules/react-native/scripts/react-native-xcode.sh\"\n\n/bin/sh -c \"$WITH_ENVIRONMENT $REACT_NATIVE_XCODE\"\n";
		};
		00EEFC60759A1932668264C0 /* [CP] Embed Pods Frameworks */ = {
			isa = PBXShellScriptBuildPhase;
			buildActionMask = 2147483647;
			files = (
			);
			inputFileListPaths = (
				"${PODS_ROOT}/Target Support Files/Pods-wato/Pods-wato-frameworks-${CONFIGURATION}-input-files.xcfilelist",
			);
			name = "[CP] Embed Pods Frameworks";
			outputFileListPaths = (
				"${PODS_ROOT}/Target Support Files/Pods-wato/Pods-wato-frameworks-${CONFIGURATION}-output-files.xcfilelist",
			);
			runOnlyForDeploymentPostprocessing = 0;
			shellPath = /bin/sh;
			shellScript = "\"${PODS_ROOT}/Target Support Files/Pods-wato/Pods-wato-frameworks.sh\"\n";
			showEnvVarsInLog = 0;
		};
		A55EABD7B0C7F3A422A6CC61 /* [CP] Check Pods Manifest.lock */ = {
			isa = PBXShellScriptBuildPhase;
			buildActionMask = 2147483647;
			files = (
			);
			inputFileListPaths = (
			);
			inputPaths = (
				"${PODS_PODFILE_DIR_PATH}/Podfile.lock",
				"${PODS_ROOT}/Manifest.lock",
			);
			name = "[CP] Check Pods Manifest.lock";
			outputFileListPaths = (
			);
			outputPaths = (
				"$(DERIVED_FILE_DIR)/Pods-wato-watoTests-checkManifestLockResult.txt",
			);
			runOnlyForDeploymentPostprocessing = 0;
			shellPath = /bin/sh;
			shellScript = "diff \"${PODS_PODFILE_DIR_PATH}/Podfile.lock\" \"${PODS_ROOT}/Manifest.lock\" > /dev/null\nif [ $? != 0 ] ; then\n    # print error to STDERR\n    echo \"error: The sandbox is not in sync with the Podfile.lock. Run 'pod install' or update your CocoaPods installation.\" >&2\n    exit 1\nfi\n# This output is used by Xcode 'outputs' to avoid re-running this script phase.\necho \"SUCCESS\" > \"${SCRIPT_OUTPUT_FILE_0}\"\n";
			showEnvVarsInLog = 0;
		};
		C38B50BA6285516D6DCD4F65 /* [CP] Check Pods Manifest.lock */ = {
			isa = PBXShellScriptBuildPhase;
			buildActionMask = 2147483647;
			files = (
			);
			inputFileListPaths = (
			);
			inputPaths = (
				"${PODS_PODFILE_DIR_PATH}/Podfile.lock",
				"${PODS_ROOT}/Manifest.lock",
			);
			name = "[CP] Check Pods Manifest.lock";
			outputFileListPaths = (
			);
			outputPaths = (
				"$(DERIVED_FILE_DIR)/Pods-wato-checkManifestLockResult.txt",
			);
			runOnlyForDeploymentPostprocessing = 0;
			shellPath = /bin/sh;
			shellScript = "diff \"${PODS_PODFILE_DIR_PATH}/Podfile.lock\" \"${PODS_ROOT}/Manifest.lock\" > /dev/null\nif [ $? != 0 ] ; then\n    # print error to STDERR\n    echo \"error: The sandbox is not in sync with the Podfile.lock. Run 'pod install' or update your CocoaPods installation.\" >&2\n    exit 1\nfi\n# This output is used by Xcode 'outputs' to avoid re-running this script phase.\necho \"SUCCESS\" > \"${SCRIPT_OUTPUT_FILE_0}\"\n";
			showEnvVarsInLog = 0;
		};
		C59DA0FBD6956966B86A3779 /* [CP] Embed Pods Frameworks */ = {
			isa = PBXShellScriptBuildPhase;
			buildActionMask = 2147483647;
			files = (
			);
			inputFileListPaths = (
				"${PODS_ROOT}/Target Support Files/Pods-wato-watoTests/Pods-wato-watoTests-frameworks-${CONFIGURATION}-input-files.xcfilelist",
			);
			name = "[CP] Embed Pods Frameworks";
			outputFileListPaths = (
				"${PODS_ROOT}/Target Support Files/Pods-wato-watoTests/Pods-wato-watoTests-frameworks-${CONFIGURATION}-output-files.xcfilelist",
			);
			runOnlyForDeploymentPostprocessing = 0;
			shellPath = /bin/sh;
			shellScript = "\"${PODS_ROOT}/Target Support Files/Pods-wato-watoTests/Pods-wato-watoTests-frameworks.sh\"\n";
			showEnvVarsInLog = 0;
		};
		E235C05ADACE081382539298 /* [CP] Copy Pods Resources */ = {
			isa = PBXShellScriptBuildPhase;
			buildActionMask = 2147483647;
			files = (
			);
			inputFileListPaths = (
				"${PODS_ROOT}/Target Support Files/Pods-wato/Pods-wato-resources-${CONFIGURATION}-input-files.xcfilelist",
			);
			name = "[CP] Copy Pods Resources";
			outputFileListPaths = (
				"${PODS_ROOT}/Target Support Files/Pods-wato/Pods-wato-resources-${CONFIGURATION}-output-files.xcfilelist",
			);
			runOnlyForDeploymentPostprocessing = 0;
			shellPath = /bin/sh;
			shellScript = "\"${PODS_ROOT}/Target Support Files/Pods-wato/Pods-wato-resources.sh\"\n";
			showEnvVarsInLog = 0;
		};
		F6A41C54EA430FDDC6A6ED99 /* [CP] Copy Pods Resources */ = {
			isa = PBXShellScriptBuildPhase;
			buildActionMask = 2147483647;
			files = (
			);
			inputFileListPaths = (
				"${PODS_ROOT}/Target Support Files/Pods-wato-watoTests/Pods-wato-watoTests-resources-${CONFIGURATION}-input-files.xcfilelist",
			);
			name = "[CP] Copy Pods Resources";
			outputFileListPaths = (
				"${PODS_ROOT}/Target Support Files/Pods-wato-watoTests/Pods-wato-watoTests-resources-${CONFIGURATION}-output-files.xcfilelist",
			);
			runOnlyForDeploymentPostprocessing = 0;
			shellPath = /bin/sh;
			shellScript = "\"${PODS_ROOT}/Target Support Files/Pods-wato-watoTests/Pods-wato-watoTests-resources.sh\"\n";
			showEnvVarsInLog = 0;
		};
/* End PBXShellScriptBuildPhase section */

/* Begin PBXSourcesBuildPhase section */
		00E356EA1AD99517003FC87E /* Sources */ = {
			isa = PBXSourcesBuildPhase;
			buildActionMask = 2147483647;
			files = (
				00E356F31AD99517003FC87E /* watoTests.m in Sources */,
			);
			runOnlyForDeploymentPostprocessing = 0;
		};
		13B07F871A680F5B00A75B9A /* Sources */ = {
			isa = PBXSourcesBuildPhase;
			buildActionMask = 2147483647;
			files = (
				13B07FBC1A68108700A75B9A /* AppDelegate.mm in Sources */,
				13B07FC11A68108700A75B9A /* main.m in Sources */,
			);
			runOnlyForDeploymentPostprocessing = 0;
		};
/* End PBXSourcesBuildPhase section */

/* Begin PBXTargetDependency section */
		00E356F51AD99517003FC87E /* PBXTargetDependency */ = {
			isa = PBXTargetDependency;
			target = 13B07F861A680F5B00A75B9A /* wato */;
			targetProxy = 00E356F41AD99517003FC87E /* PBXContainerItemProxy */;
		};
/* End PBXTargetDependency section */

/* Begin XCBuildConfiguration section */
		00E356F61AD99517003FC87E /* Debug */ = {
			isa = XCBuildConfiguration;
			baseConfigurationReference = 5B7EB9410499542E8C5724F5 /* Pods-wato-watoTests.debug.xcconfig */;
			buildSettings = {
				BUNDLE_LOADER = "$(TEST_HOST)";
				GCC_PREPROCESSOR_DEFINITIONS = (
					"DEBUG=1",
					"$(inherited)",
				);
				INFOPLIST_FILE = watoTests/Info.plist;
				IPHONEOS_DEPLOYMENT_TARGET = 13.4;
				LD_RUNPATH_SEARCH_PATHS = (
					"$(inherited)",
					"@executable_path/Frameworks",
					"@loader_path/Frameworks",
				);
				OTHER_LDFLAGS = (
					"-ObjC",
					"-lc++",
					"$(inherited)",
				);
				PRODUCT_BUNDLE_IDENTIFIER = "org.reactjs.native.example.$(PRODUCT_NAME:rfc1034identifier)";
				PRODUCT_NAME = "$(TARGET_NAME)";
				TEST_HOST = "$(BUILT_PRODUCTS_DIR)/wato.app/wato";
			};
			name = Debug;
		};
		00E356F71AD99517003FC87E /* Release */ = {
			isa = XCBuildConfiguration;
			baseConfigurationReference = 89C6BE57DB24E9ADA2F236DE /* Pods-wato-watoTests.release.xcconfig */;
			buildSettings = {
				BUNDLE_LOADER = "$(TEST_HOST)";
				COPY_PHASE_STRIP = NO;
				INFOPLIST_FILE = watoTests/Info.plist;
				IPHONEOS_DEPLOYMENT_TARGET = 13.4;
				LD_RUNPATH_SEARCH_PATHS = (
					"$(inherited)",
					"@executable_path/Frameworks",
					"@loader_path/Frameworks",
				);
				OTHER_LDFLAGS = (
					"-ObjC",
					"-lc++",
					"$(inherited)",
				);
				PRODUCT_BUNDLE_IDENTIFIER = "org.reactjs.native.example.$(PRODUCT_NAME:rfc1034identifier)";
				PRODUCT_NAME = "$(TARGET_NAME)";
				TEST_HOST = "$(BUILT_PRODUCTS_DIR)/wato.app/wato";
			};
			name = Release;
		};
		13B07F941A680F5B00A75B9A /* Debug */ = {
			isa = XCBuildConfiguration;
			baseConfigurationReference = 3B4392A12AC88292D35C810B /* Pods-wato.debug.xcconfig */;
			buildSettings = {
				ASSETCATALOG_COMPILER_APPICON_NAME = AppIcon;
				CLANG_ENABLE_MODULES = YES;
				CURRENT_PROJECT_VERSION = 1;
				ENABLE_BITCODE = NO;
				INFOPLIST_FILE = wato/Info.plist;
				LD_RUNPATH_SEARCH_PATHS = (
					"$(inherited)",
					"@executable_path/Frameworks",
				);
				MARKETING_VERSION = 1.0;
				OTHER_LDFLAGS = (
					"$(inherited)",
					"-ObjC",
					"-lc++",
				);
				PRODUCT_BUNDLE_IDENTIFIER = "org.reactjs.native.example.$(PRODUCT_NAME:rfc1034identifier)";
				PRODUCT_NAME = wato;
				SWIFT_OPTIMIZATION_LEVEL = "-Onone";
				SWIFT_VERSION = 5.0;
				VERSIONING_SYSTEM = "apple-generic";
			};
			name = Debug;
		};
		13B07F951A680F5B00A75B9A /* Release */ = {
			isa = XCBuildConfiguration;
			baseConfigurationReference = 5709B34CF0A7D63546082F79 /* Pods-wato.release.xcconfig */;
			buildSettings = {
				ASSETCATALOG_COMPILER_APPICON_NAME = AppIcon;
				CLANG_ENABLE_MODULES = YES;
				CURRENT_PROJECT_VERSION = 1;
				INFOPLIST_FILE = wato/Info.plist;
				LD_RUNPATH_SEARCH_PATHS = (
					"$(inherited)",
					"@executable_path/Frameworks",
				);
				MARKETING_VERSION = 1.0;
				OTHER_LDFLAGS = (
					"$(inherited)",
					"-ObjC",
					"-lc++",
				);
				PRODUCT_BUNDLE_IDENTIFIER = "org.reactjs.native.example.$(PRODUCT_NAME:rfc1034identifier)";
				PRODUCT_NAME = wato;
				SWIFT_VERSION = 5.0;
				VERSIONING_SYSTEM = "apple-generic";
			};
			name = Release;
		};
		83CBBA201A601CBA00E9B192 /* Debug */ = {
			isa = XCBuildConfiguration;
			buildSettings = {
				ALWAYS_SEARCH_USER_PATHS = NO;
				CLANG_ANALYZER_LOCALIZABILITY_NONLOCALIZED = YES;
				CLANG_CXX_LANGUAGE_STANDARD = "c++20";
				CLANG_CXX_LIBRARY = "libc++";
				CLANG_ENABLE_MODULES = YES;
				CLANG_ENABLE_OBJC_ARC = YES;
				CLANG_WARN_BLOCK_CAPTURE_AUTORELEASING = YES;
				CLANG_WARN_BOOL_CONVERSION = YES;
				CLANG_WARN_COMMA = YES;
				CLANG_WARN_CONSTANT_CONVERSION = YES;
				CLANG_WARN_DEPRECATED_OBJC_IMPLEMENTATIONS = YES;
				CLANG_WARN_DIRECT_OBJC_ISA_USAGE = YES_ERROR;
				CLANG_WARN_EMPTY_BODY = YES;
				CLANG_WARN_ENUM_CONVERSION = YES;
				CLANG_WARN_INFINITE_RECURSION = YES;
				CLANG_WARN_INT_CONVERSION = YES;
				CLANG_WARN_NON_LITERAL_NULL_CONVERSION = YES;
				CLANG_WARN_OBJC_IMPLICIT_RETAIN_SELF = YES;
				CLANG_WARN_OBJC_LITERAL_CONVERSION = YES;
				CLANG_WARN_OBJC_ROOT_CLASS = YES_ERROR;
				CLANG_WARN_QUOTED_INCLUDE_IN_FRAMEWORK_HEADER = YES;
				CLANG_WARN_RANGE_LOOP_ANALYSIS = YES;
				CLANG_WARN_STRICT_PROTOTYPES = YES;
				CLANG_WARN_SUSPICIOUS_MOVE = YES;
				CLANG_WARN_UNREACHABLE_CODE = YES;
				CLANG_WARN__DUPLICATE_METHOD_MATCH = YES;
				"CODE_SIGN_IDENTITY[sdk=iphoneos*]" = "iPhone Developer";
				COPY_PHASE_STRIP = NO;
				ENABLE_STRICT_OBJC_MSGSEND = YES;
				ENABLE_TESTABILITY = YES;
				"EXCLUDED_ARCHS[sdk=iphonesimulator*]" = "";
				GCC_C_LANGUAGE_STANDARD = gnu99;
				GCC_DYNAMIC_NO_PIC = NO;
				GCC_NO_COMMON_BLOCKS = YES;
				GCC_OPTIMIZATION_LEVEL = 0;
				GCC_PREPROCESSOR_DEFINITIONS = (
					"DEBUG=1",
					"$(inherited)",
				);
				GCC_SYMBOLS_PRIVATE_EXTERN = NO;
				GCC_WARN_64_TO_32_BIT_CONVERSION = YES;
				GCC_WARN_ABOUT_RETURN_TYPE = YES_ERROR;
				GCC_WARN_UNDECLARED_SELECTOR = YES;
				GCC_WARN_UNINITIALIZED_AUTOS = YES_AGGRESSIVE;
				GCC_WARN_UNUSED_FUNCTION = YES;
				GCC_WARN_UNUSED_VARIABLE = YES;
				IPHONEOS_DEPLOYMENT_TARGET = 13.4;
				LD_RUNPATH_SEARCH_PATHS = (
					/usr/lib/swift,
					"$(inherited)",
				);
				LIBRARY_SEARCH_PATHS = (
					"\"$(SDKROOT)/usr/lib/swift\"",
					"\"$(TOOLCHAIN_DIR)/usr/lib/swift/$(PLATFORM_NAME)\"",
					"\"$(inherited)\"",
				);
				MTL_ENABLE_DEBUG_INFO = YES;
				ONLY_ACTIVE_ARCH = YES;
				OTHER_CPLUSPLUSFLAGS = (
					"$(OTHER_CFLAGS)",
					"-DFOLLY_NO_CONFIG",
					"-DFOLLY_MOBILE=1",
					"-DFOLLY_USE_LIBCPP=1",
					"-DFOLLY_CFG_NO_COROUTINES=1",
				);
				SDKROOT = iphoneos;
			};
			name = Debug;
		};
		83CBBA211A601CBA00E9B192 /* Release */ = {
			isa = XCBuildConfiguration;
			buildSettings = {
				ALWAYS_SEARCH_USER_PATHS = NO;
				CLANG_ANALYZER_LOCALIZABILITY_NONLOCALIZED = YES;
				CLANG_CXX_LANGUAGE_STANDARD = "c++20";
				CLANG_CXX_LIBRARY = "libc++";
				CLANG_ENABLE_MODULES = YES;
				CLANG_ENABLE_OBJC_ARC = YES;
				CLANG_WARN_BLOCK_CAPTURE_AUTORELEASING = YES;
				CLANG_WARN_BOOL_CONVERSION = YES;
				CLANG_WARN_COMMA = YES;
				CLANG_WARN_CONSTANT_CONVERSION = YES;
				CLANG_WARN_DEPRECATED_OBJC_IMPLEMENTATIONS = YES;
				CLANG_WARN_DIRECT_OBJC_ISA_USAGE = YES_ERROR;
				CLANG_WARN_EMPTY_BODY = YES;
				CLANG_WARN_ENUM_CONVERSION = YES;
				CLANG_WARN_INFINITE_RECURSION = YES;
				CLANG_WARN_INT_CONVERSION = YES;
				CLANG_WARN_NON_LITERAL_NULL_CONVERSION = YES;
				CLANG_WARN_OBJC_IMPLICIT_RETAIN_SELF = YES;
				CLANG_WARN_OBJC_LITERAL_CONVERSION = YES;
				CLANG_WARN_OBJC_ROOT_CLASS = YES_ERROR;
				CLANG_WARN_QUOTED_INCLUDE_IN_FRAMEWORK_HEADER = YES;
				CLANG_WARN_RANGE_LOOP_ANALYSIS = YES;
				CLANG_WARN_STRICT_PROTOTYPES = YES;
				CLANG_WARN_SUSPICIOUS_MOVE = YES;
				CLANG_WARN_UNREACHABLE_CODE = YES;
				CLANG_WARN__DUPLICATE_METHOD_MATCH = YES;
				"CODE_SIGN_IDENTITY[sdk=iphoneos*]" = "iPhone Developer";
				COPY_PHASE_STRIP = YES;
				ENABLE_NS_ASSERTIONS = NO;
				ENABLE_STRICT_OBJC_MSGSEND = YES;
				"EXCLUDED_ARCHS[sdk=iphonesimulator*]" = "";
				GCC_C_LANGUAGE_STANDARD = gnu99;
				GCC_NO_COMMON_BLOCKS = YES;
				GCC_WARN_64_TO_32_BIT_CONVERSION = YES;
				GCC_WARN_ABOUT_RETURN_TYPE = YES_ERROR;
				GCC_WARN_UNDECLARED_SELECTOR = YES;
				GCC_WARN_UNINITIALIZED_AUTOS = YES_AGGRESSIVE;
				GCC_WARN_UNUSED_FUNCTION = YES;
				GCC_WARN_UNUSED_VARIABLE = YES;
				IPHONEOS_DEPLOYMENT_TARGET = 13.4;
				LD_RUNPATH_SEARCH_PATHS = (
					/usr/lib/swift,
					"$(inherited)",
				);
				LIBRARY_SEARCH_PATHS = (
					"\"$(SDKROOT)/usr/lib/swift\"",
					"\"$(TOOLCHAIN_DIR)/usr/lib/swift/$(PLATFORM_NAME)\"",
					"\"$(inherited)\"",
				);
				MTL_ENABLE_DEBUG_INFO = NO;
				OTHER_CPLUSPLUSFLAGS = (
					"$(OTHER_CFLAGS)",
					"-DFOLLY_NO_CONFIG",
					"-DFOLLY_MOBILE=1",
					"-DFOLLY_USE_LIBCPP=1",
					"-DFOLLY_CFG_NO_COROUTINES=1",
				);
				SDKROOT = iphoneos;
				VALIDATE_PRODUCT = YES;
			};
			name = Release;
		};
/* End XCBuildConfiguration section */

/* Begin XCConfigurationList section */
		00E357021AD99517003FC87E /* Build configuration list for PBXNativeTarget "watoTests" */ = {
			isa = XCConfigurationList;
			buildConfigurations = (
				00E356F61AD99517003FC87E /* Debug */,
				00E356F71AD99517003FC87E /* Release */,
			);
			defaultConfigurationIsVisible = 0;
			defaultConfigurationName = Release;
		};
		13B07F931A680F5B00A75B9A /* Build configuration list for PBXNativeTarget "wato" */ = {
			isa = XCConfigurationList;
			buildConfigurations = (
				13B07F941A680F5B00A75B9A /* Debug */,
				13B07F951A680F5B00A75B9A /* Release */,
			);
			defaultConfigurationIsVisible = 0;
			defaultConfigurationName = Release;
		};
		83CBB9FA1A601CBA00E9B192 /* Build configuration list for PBXProject "wato" */ = {
			isa = XCConfigurationList;
			buildConfigurations = (
				83CBBA201A601CBA00E9B192 /* Debug */,
				83CBBA211A601CBA00E9B192 /* Release */,
			);
			defaultConfigurationIsVisible = 0;
			defaultConfigurationName = Release;
		};
/* End XCConfigurationList section */
	};
	rootObject = 83CBB9F71A601CBA00E9B192 /* Project object */;
}
